
Microsoft Visual Studio Solution File, Format Version 11.00
# Visual Studio 2010
Project("{FAE04EC0-301F-11D3-BF4B-00C04F79EFBC}") = "BestestTelevisionMod", "BestestTelevisionMod.csproj", "{81CECA1B-418E-4354-9208-044B22ECA56F}"
EndProject
Global
	GlobalSection(SolutionConfigurationPlatforms) = preSolution
		Debug|Any CPU = Debug|Any CPU
		Release|Any CPU = Release|Any CPU
	EndGlobalSection
	GlobalSection(ProjectConfigurationPlatforms) = postSolution
		{81CECA1B-418E-4354-9208-044B22ECA56F}.Debug|Any CPU.ActiveCfg = Debug|Any CPU
		{81CECA1B-418E-4354-9208-044B22ECA56F}.Debug|Any CPU.Build.0 = Debug|Any CPU
		{81CECA1B-418E-4354-9208-044B22ECA56F}.Release|Any CPU.ActiveCfg = Release|Any CPU
		{81CECA1B-418E-4354-9208-044B22ECA56F}.Release|Any CPU.Build.0 = Release|Any CPU
	EndGlobalSection
	GlobalSection(SolutionProperties) = preSolution
		HideSolutionNode = FALSE
	EndGlobalSection
EndGlobal
